
Microsoft Visual Studio Solution File, Format Version 11.00
# Visual Studio 2010
Project("{FAE04EC0-301F-11D3-BF4B-00C04F79EFBC}") = "Assembly-CSharp", "Assembly-CSharp.csproj", "{23F16306-A1D8-932C-F183-A7B8FEBF2637}"
EndProject
Project("{FAE04EC0-301F-11D3-BF4B-00C04F79EFBC}") = "Assembly-CSharp-Editor", "Assembly-CSharp-Editor.csproj", "{4EACF18F-A357-E6B1-9D14-B5D2D5D1D66A}"
EndProject
Global
	GlobalSection(SolutionConfigurationPlatforms) = preSolution
		Debug|Any CPU = Debug|Any CPU
		Release|Any CPU = Release|Any CPU
	EndGlobalSection
	GlobalSection(ProjectConfigurationPlatforms) = postSolution
		{23F16306-A1D8-932C-F183-A7B8FEBF2637}.Debug|Any CPU.ActiveCfg = Debug|Any CPU
		{23F16306-A1D8-932C-F183-A7B8FEBF2637}.Debug|Any CPU.Build.0 = Debug|Any CPU
		{23F16306-A1D8-932C-F183-A7B8FEBF2637}.Release|Any CPU.ActiveCfg = Release|Any CPU
		{23F16306-A1D8-932C-F183-A7B8FEBF2637}.Release|Any CPU.Build.0 = Release|Any CPU
		{4EACF18F-A357-E6B1-9D14-B5D2D5D1D66A}.Debug|Any CPU.ActiveCfg = Debug|Any CPU
		{4EACF18F-A357-E6B1-9D14-B5D2D5D1D66A}.Debug|Any CPU.Build.0 = Debug|Any CPU
		{4EACF18F-A357-E6B1-9D14-B5D2D5D1D66A}.Release|Any CPU.ActiveCfg = Release|Any CPU
		{4EACF18F-A357-E6B1-9D14-B5D2D5D1D66A}.Release|Any CPU.Build.0 = Release|Any CPU
	EndGlobalSection
	GlobalSection(SolutionProperties) = preSolution
		HideSolutionNode = FALSE
	EndGlobalSection
EndGlobal
